// !$*UTF8*$!
{
	archiveVersion = 1;
	classes = {
	};
	objectVersion = 50;
	objects = {

/* Begin PBXBuildFile section */
		3B03FAB9220C05D800653F3E /* AppDelegate.swift in Sources */ = {isa = PBXBuildFile; fileRef = 3B03FAB8220C05D800653F3E /* AppDelegate.swift */; };
		3B03FABB220C05D800653F3E /* ViewController.swift in Sources */ = {isa = PBXBuildFile; fileRef = 3B03FABA220C05D800653F3E /* ViewController.swift */; };
		3B03FABE220C05D800653F3E /* Main.storyboard in Resources */ = {isa = PBXBuildFile; fileRef = 3B03FABC220C05D800653F3E /* Main.storyboard */; };
		3B03FAC1220C05D800653F3E /* navigationWithTableView.xcdatamodeld in Sources */ = {isa = PBXBuildFile; fileRef = 3B03FABF220C05D800653F3E /* navigationWithTableView.xcdatamodeld */; };
		3B03FAC3220C05DA00653F3E /* Assets.xcassets in Resources */ = {isa = PBXBuildFile; fileRef = 3B03FAC2220C05DA00653F3E /* Assets.xcassets */; };
		3B03FAC6220C05DA00653F3E /* LaunchScreen.storyboard in Resources */ = {isa = PBXBuildFile; fileRef = 3B03FAC4220C05DA00653F3E /* LaunchScreen.storyboard */; };
/* End PBXBuildFile section */

/* Begin PBXFileReference section */
		3B03FAB5220C05D800653F3E /* navigationWithTableView.app */ = {isa = PBXFileReference; explicitFileType = wrapper.application; includeInIndex = 0; path = navigationWithTableView.app; sourceTree = BUILT_PRODUCTS_DIR; };
		3B03FAB8220C05D800653F3E /* AppDelegate.swift */ = {isa = PBXFileReference; lastKnownFileType = sourcecode.swift; path = AppDelegate.swift; sourceTree = "<group>"; };
		3B03FABA220C05D800653F3E /* ViewController.swift */ = {isa = PBXFileReference; lastKnownFileType = sourcecode.swift; path = ViewController.swift; sourceTree = "<group>"; };
		3B03FABD220C05D800653F3E /* Base */ = {isa = PBXFileReference; lastKnownFileType = file.storyboard; name = Base; path = Base.lproj/Main.storyboard; sourceTree = "<group>"; };
		3B03FAC0220C05D800653F3E /* navigationWithTableView.xcdatamodel */ = {isa = PBXFileReference; lastKnownFileType = wrapper.xcdatamodel; path = navigationWithTableView.xcdatamodel; sourceTree = "<group>"; };
		3B03FAC2220C05DA00653F3E /* Assets.xcassets */ = {isa = PBXFileReference; lastKnownFileType = folder.assetcatalog; path = Assets.xcassets; sourceTree = "<group>"; };
		3B03FAC5220C05DA00653F3E /* Base */ = {isa = PBXFileReference; lastKnownFileType = file.storyboard; name = Base; path = Base.lproj/LaunchScreen.storyboard; sourceTree = "<group>"; };
		3B03FAC7220C05DA00653F3E /* Info.plist */ = {isa = PBXFileReference; lastKnownFileType = text.plist.xml; path = Info.plist; sourceTree = "<group>"; };
/* End PBXFileReference section */

/* Begin PBXFrameworksBuildPhase section */
		3B03FAB2220C05D800653F3E /* Frameworks */ = {
			isa = PBXFrameworksBuildPhase;
			buildActionMask = 2147483647;
			files = (
			);
			runOnlyForDeploymentPostprocessing = 0;
		};
/* End PBXFrameworksBuildPhase section */

/* Begin PBXGroup section */
		3B03FAAC220C05D800653F3E = {
			isa = PBXGroup;
			children = (
				3B03FAB7220C05D800653F3E /* navigationWithTableView */,
				3B03FAB6220C05D800653F3E /* Products */,
			);
			sourceTree = "<group>";
		};
		3B03FAB6220C05D800653F3E /* Products */ = {
			isa = PBXGroup;
			children = (
				3B03FAB5220C05D800653F3E /* navigationWithTableView.app */,
			);
			name = Products;
			sourceTree = "<group>";
		};
		3B03FAB7220C05D800653F3E /* navigationWithTableView */ = {
			isa = PBXGroup;
			children = (
				3B03FAB8220C05D800653F3E /* AppDelegate.swift */,
				3B03FABA220C05D800653F3E /* ViewController.swift */,
				3B03FABC220C05D800653F3E /* Main.storyboard */,
				3B03FAC2220C05DA00653F3E /* Assets.xcassets */,
				3B03FAC4220C05DA00653F3E /* LaunchScreen.storyboard */,
				3B03FAC7220C05DA00653F3E /* Info.plist */,
				3B03FABF220C05D800653F3E /* navigationWithTableView.xcdatamodeld */,
			);
			path = navigationWithTableView;
			sourceTree = "<group>";
		};
/* End PBXGroup section */

/* Begin PBXNativeTarget section */
		3B03FAB4220C05D800653F3E /* navigationWithTableView */ = {
			isa = PBXNativeTarget;
			buildConfigurationList = 3B03FACA220C05DA00653F3E /* Build configuration list for PBXNativeTarget "navigationWithTableView" */;
			buildPhases = (
				3B03FAB1220C05D800653F3E /* Sources */,
				3B03FAB2220C05D800653F3E /* Frameworks */,
				3B03FAB3220C05D800653F3E /* Resources */,
			);
			buildRules = (
			);
			dependencies = (
			);
			name = navigationWithTableView;
			productName = navigationWithTableView;
			productReference = 3B03FAB5220C05D800653F3E /* navigationWithTableView.app */;
			productType = "com.apple.product-type.application";
		};
/* End PBXNativeTarget section */

/* Begin PBXProject section */
		3B03FAAD220C05D800653F3E /* Project object */ = {
			isa = PBXProject;
			attributes = {
				LastSwiftUpdateCheck = 1010;
				LastUpgradeCheck = 1010;
				ORGANIZATIONNAME = "Md. Abdur Rahman Jyoti";
				TargetAttributes = {
					3B03FAB4220C05D800653F3E = {
						CreatedOnToolsVersion = 10.1;
					};
				};
			};
			buildConfigurationList = 3B03FAB0220C05D800653F3E /* Build configuration list for PBXProject "navigationWithTableView" */;
			compatibilityVersion = "Xcode 9.3";
			developmentRegion = en;
			hasScannedForEncodings = 0;
			knownRegions = (
				en,
				Base,
			);
			mainGroup = 3B03FAAC220C05D800653F3E;
			productRefGroup = 3B03FAB6220C05D800653F3E /* Products */;
			projectDirPath = "";
			projectRoot = "";
			targets = (
				3B03FAB4220C05D800653F3E /* navigationWithTableView */,
			);
		};
/* End PBXProject section */

/* Begin PBXResourcesBuildPhase section */
		3B03FAB3220C05D800653F3E /* Resources */ = {
			isa = PBXResourcesBuildPhase;
			buildActionMask = 2147483647;
			files = (
				3B03FAC6220C05DA00653F3E /* LaunchScreen.storyboard in Resources */,
				3B03FAC3220C05DA00653F3E /* Assets.xcassets in Resources */,
				3B03FABE220C05D800653F3E /* Main.storyboard in Resources */,
			);
			runOnlyForDeploymentPostprocessing = 0;
		};
/* End PBXResourcesBuildPhase section */

/* Begin PBXSourcesBuildPhase section */
		3B03FAB1220C05D800653F3E /* Sources */ = {
			isa = PBXSourcesBuildPhase;
			buildActionMask = 2147483647;
			files = (
				3B03FABB220C05D800653F3E /* ViewController.swift in Sources */,
				3B03FAB9220C05D800653F3E /* AppDelegate.swift in Sources */,
				3B03FAC1220C05D800653F3E /* navigationWithTableView.xcdatamodeld in Sources */,
			);
			runOnlyForDeploymentPostprocessing = 0;
		};
/* End PBXSourcesBuildPhase section */

/* Begin PBXVariantGroup section */
		3B03FABC220C05D800653F3E /* Main.storyboard */ = {
			isa = PBXVariantGroup;
			children = (
				3B03FABD220C05D800653F3E /* Base */,
			);
			name = Main.storyboard;
			sourceTree = "<group>";
		};
		3B03FAC4220C05DA00653F3E /* LaunchScreen.storyboard */ = {
			isa = PBXVariantGroup;
			children = (
				3B03FAC5220C05DA00653F3E /* Base */,
			);
			name = LaunchScreen.storyboard;
			sourceTree = "<group>";
		};
/* End PBXVariantGroup section */

/* Begin XCBuildConfiguration section */
		3B03FAC8220C05DA00653F3E /* Debug */ = {
			isa = XCBuildConfiguration;
			buildSettings = {
				ALWAYS_SEARCH_USER_PATHS = NO;
				CLANG_ANALYZER_NONNULL = YES;
				CLANG_ANALYZER_NUMBER_OBJECT_CONVERSION = YES_AGGRESSIVE;
				CLANG_CXX_LANGUAGE_STANDARD = "gnu++14";
				CLANG_CXX_LIBRARY = "libc++";
				CLANG_ENABLE_MODULES = YES;
				CLANG_ENABLE_OBJC_ARC = YES;
				CLANG_ENABLE_OBJC_WEAK = YES;
				CLANG_WARN_BLOCK_CAPTURE_AUTORELEASING = YES;
				CLANG_WARN_BOOL_CONVERSION = YES;
				CLANG_WARN_COMMA = YES;
				CLANG_WARN_CONSTANT_CONVERSION = YES;
				CLANG_WARN_DEPRECATED_OBJC_IMPLEMENTATIONS = YES;
				CLANG_WARN_DIRECT_OBJC_ISA_USAGE = YES_ERROR;
				CLANG_WARN_DOCUMENTATION_COMMENTS = YES;
				CLANG_WARN_EMPTY_BODY = YES;
				CLANG_WARN_ENUM_CONVERSION = YES;
				CLANG_WARN_INFINITE_RECURSION = YES;
				CLANG_WARN_INT_CONVERSION = YES;
				CLANG_WARN_NON_LITERAL_NULL_CONVERSION = YES;
				CLANG_WARN_OBJC_IMPLICIT_RETAIN_SELF = YES;
				CLANG_WARN_OBJC_LITERAL_CONVERSION = YES;
				CLANG_WARN_OBJC_ROOT_CLASS = YES_ERROR;
				CLANG_WARN_RANGE_LOOP_ANALYSIS = YES;
				CLANG_WARN_STRICT_PROTOTYPES = YES;
				CLANG_WARN_SUSPICIOUS_MOVE = YES;
				CLANG_WARN_UNGUARDED_AVAILABILITY = YES_AGGRESSIVE;
				CLANG_WARN_UNREACHABLE_CODE = YES;
				CLANG_WARN__DUPLICATE_METHOD_MATCH = YES;
				CODE_SIGN_IDENTITY = "iPhone Developer";
				COPY_PHASE_STRIP = NO;
				DEBUG_INFORMATION_FORMAT = dwarf;
				ENABLE_STRICT_OBJC_MSGSEND = YES;
				ENABLE_TESTABILITY = YES;
				GCC_C_LANGUAGE_STANDARD = gnu11;
				GCC_DYNAMIC_NO_PIC = NO;
				GCC_NO_COMMON_BLOCKS = YES;
				GCC_OPTIMIZATION_LEVEL = 0;
				GCC_PREPROCESSOR_DEFINITIONS = (
					"DEBUG=1",
					"$(inherited)",
				);
				GCC_WARN_64_TO_32_BIT_CONVERSION = YES;
				GCC_WARN_ABOUT_RETURN_TYPE = YES_ERROR;
				GCC_WARN_UNDECLARED_SELECTOR = YES;
				GCC_WARN_UNINITIALIZED_AUTOS = YES_AGGRESSIVE;
				GCC_WARN_UNUSED_FUNCTION = YES;
				GCC_WARN_UNUSED_VARIABLE = YES;
				IPHONEOS_DEPLOYMENT_TARGET = 12.1;
				MTL_ENABLE_DEBUG_INFO = INCLUDE_SOURCE;
				MTL_FAST_MATH = YES;
				ONLY_ACTIVE_ARCH = YES;
				SDKROOT = iphoneos;
				SWIFT_ACTIVE_COMPILATION_CONDITIONS = DEBUG;
				SWIFT_OPTIMIZATION_LEVEL = "-Onone";
			};
			name = Debug;
		};
		3B03FAC9220C05DA00653F3E /* Release */ = {
			isa = XCBuildConfiguration;
			buildSettings = {
				ALWAYS_SEARCH_USER_PATHS = NO;
				CLANG_ANALYZER_NONNULL = YES;
				CLANG_ANALYZER_NUMBER_OBJECT_CONVERSION = YES_AGGRESSIVE;
				CLANG_CXX_LANGUAGE_STANDARD = "gnu++14";
				CLANG_CXX_LIBRARY = "libc++";
				CLANG_ENABLE_MODULES = YES;
				CLANG_ENABLE_OBJC_ARC = YES;
				CLANG_ENABLE_OBJC_WEAK = YES;
				CLANG_WARN_BLOCK_CAPTURE_AUTORELEASING = YES;
				CLANG_WARN_BOOL_CONVERSION = YES;
				CLANG_WARN_COMMA = YES;
				CLANG_WARN_CONSTANT_CONVERSION = YES;
				CLANG_WARN_DEPRECATED_OBJC_IMPLEMENTATIONS = YES;
				CLANG_WARN_DIRECT_OBJC_ISA_USAGE = YES_ERROR;
				CLANG_WARN_DOCUMENTATION_COMMENTS = YES;
				CLANG_WARN_EMPTY_BODY = YES;
				CLANG_WARN_ENUM_CONVERSION = YES;
				CLANG_WARN_INFINITE_RECURSION = YES;
				CLANG_WARN_INT_CONVERSION = YES;
				CLANG_WARN_NON_LITERAL_NULL_CONVERSION = YES;
				CLANG_WARN_OBJC_IMPLICIT_RETAIN_SELF = YES;
				CLANG_WARN_OBJC_LITERAL_CONVERSION = YES;
				CLANG_WARN_OBJC_ROOT_CLASS = YES_ERROR;
				CLANG_WARN_RANGE_LOOP_ANALYSIS = YES;
				CLANG_WARN_STRICT_PROTOTYPES = YES;
				CLANG_WARN_SUSPICIOUS_MOVE = YES;
				CLANG_WARN_UNGUARDED_AVAILABILITY = YES_AGGRESSIVE;
				CLANG_WARN_UNREACHABLE_CODE = YES;
				CLANG_WARN__DUPLICATE_METHOD_MATCH = YES;
				CODE_SIGN_IDENTITY = "iPhone Developer";
				COPY_PHASE_STRIP = NO;
				DEBUG_INFORMATION_FORMAT = "dwarf-with-dsym";
				ENABLE_NS_ASSERTIONS = NO;
				ENABLE_STRICT_OBJC_MSGSEND = YES;
				GCC_C_LANGUAGE_STANDARD = gnu11;
				GCC_NO_COMMON_BLOCKS = YES;
				GCC_WARN_64_TO_32_BIT_CONVERSION = YES;
				GCC_WARN_ABOUT_RETURN_TYPE = YES_ERROR;
				GCC_WARN_UNDECLARED_SELECTOR = YES;
				GCC_WARN_UNINITIALIZED_AUTOS = YES_AGGRESSIVE;
				GCC_WARN_UNUSED_FUNCTION = YES;
				GCC_WARN_UNUSED_VARIABLE = YES;
				IPHONEOS_DEPLOYMENT_TARGET = 12.1;
				MTL_ENABLE_DEBUG_INFO = NO;
				MTL_FAST_MATH = YES;
				SDKROOT = iphoneos;
				SWIFT_COMPILATION_MODE = wholemodule;
				SWIFT_OPTIMIZATION_LEVEL = "-O";
				VALIDATE_PRODUCT = YES;
			};
			name = Release;
		};
		3B03FACB220C05DA00653F3E /* Debug */ = {
			isa = XCBuildConfiguration;
			buildSettings = {
				ASSETCATALOG_COMPILER_APPICON_NAME = AppIcon;
				CODE_SIGN_STYLE = Automatic;
				INFOPLIST_FILE = navigationWithTableView/Info.plist;
				LD_RUNPATH_SEARCH_PATHS = (
					"$(inherited)",
					"@executable_path/Frameworks",
				);
				PRODUCT_BUNDLE_IDENTIFIER = com.jyoti.navigationWithTableView;
				PRODUCT_NAME = "$(TARGET_NAME)";
				SWIFT_VERSION = 4.2;
				TARGETED_DEVICE_FAMILY = "1,2";
			};
			name = Debug;
		};
		3B03FACC220C05DA00653F3E /* Release */ = {
			isa = XCBuildConfiguration;
			buildSettings = {
				ASSETCATALOG_COMPILER_APPICON_NAME = AppIcon;
				CODE_SIGN_STYLE = Automatic;
				INFOPLIST_FILE = navigationWithTableView/Info.plist;
				LD_RUNPATH_SEARCH_PATHS = (
					"$(inherited)",
					"@executable_path/Frameworks",
				);
				PRODUCT_BUNDLE_IDENTIFIER = com.jyoti.navigationWithTableView;
				PRODUCT_NAME = "$(TARGET_NAME)";
				SWIFT_VERSION = 4.2;
				TARGETED_DEVICE_FAMILY = "1,2";
			};
			name = Release;
		};
/* End XCBuildConfiguration section */

/* Begin XCConfigurationList section */
		3B03FAB0220C05D800653F3E /* Build configuration list for PBXProject "navigationWithTableView" */ = {
			isa = XCConfigurationList;
			buildConfigurations = (
				3B03FAC8220C05DA00653F3E /* Debug */,
				3B03FAC9220C05DA00653F3E /* Release */,
			);
			defaultConfigurationIsVisible = 0;
			defaultConfigurationName = Release;
		};
		3B03FACA220C05DA00653F3E /* Build configuration list for PBXNativeTarget "navigationWithTableView" */ = {
			isa = XCConfigurationList;
			buildConfigurations = (
				3B03FACB220C05DA00653F3E /* Debug */,
				3B03FACC220C05DA00653F3E /* Release */,
			);
			defaultConfigurationIsVisible = 0;
			defaultConfigurationName = Release;
		};
/* End XCConfigurationList section */

/* Begin XCVersionGroup section */
		3B03FABF220C05D800653F3E /* navigationWithTableView.xcdatamodeld */ = {
			isa = XCVersionGroup;
			children = (
				3B03FAC0220C05D800653F3E /* navigationWithTableView.xcdatamodel */,
			);
			currentVersion = 3B03FAC0220C05D800653F3E /* navigationWithTableView.xcdatamodel */;
			path = navigationWithTableView.xcdatamodeld;
			sourceTree = "<group>";
			versionGroupType = wrapper.xcdatamodel;
		};
/* End XCVersionGroup section */
	};
	rootObject = 3B03FAAD220C05D800653F3E /* Project object */;
}
